github.com/arr-n-d/gns v0.0.0-20240826032925-ca5507fe8a55 h1:6luzW1As3IhfBCOeeOJNNrfKeweIEv6E5qHJgOm3YAE=
github.com/arr-n-d/gns v0.0.0-20240826032925-ca5507fe8a55/go.mod h1:YSbkNuBzSsx+7HtueQKOe415a3tODhv77Hx6fcAkEzI=
github.com/ugorji/go/codec v1.2.12 h1:9LC83zGrHhuUA9l16C9AHXAqEV/2wBQ4nkvumAE65EE=
github.com/ugorji/go/codec v1.2.12/go.mod h1:UNopzCgEMSXjBc6AOMqYvWC1ktqTAfzJZUZgYf6w6lg=
